
Microsoft Visual Studio Solution File, Format Version 12.00
# Visual Studio Version 17
VisualStudioVersion = 17.1.32328.378
MinimumVisualStudioVersion = 10.0.40219.1
Project("{FAE04EC0-301F-11D3-BF4B-00C04F79EFBC}") = "modul13_1302204090", "modul13_1302204090\modul13_1302204090.csproj", "{453209EE-3C41-47AA-8B87-D110A1BACEA3}"
EndProject
Global
	GlobalSection(SolutionConfigurationPlatforms) = preSolution
		Debug|Any CPU = Debug|Any CPU
		Release|Any CPU = Release|Any CPU
	EndGlobalSection
	GlobalSection(ProjectConfigurationPlatforms) = postSolution
		{453209EE-3C41-47AA-8B87-D110A1BACEA3}.Debug|Any CPU.ActiveCfg = Debug|Any CPU
		{453209EE-3C41-47AA-8B87-D110A1BACEA3}.Debug|Any CPU.Build.0 = Debug|Any CPU
		{453209EE-3C41-47AA-8B87-D110A1BACEA3}.Release|Any CPU.ActiveCfg = Release|Any CPU
		{453209EE-3C41-47AA-8B87-D110A1BACEA3}.Release|Any CPU.Build.0 = Release|Any CPU
	EndGlobalSection
	GlobalSection(SolutionProperties) = preSolution
		HideSolutionNode = FALSE
	EndGlobalSection
	GlobalSection(ExtensibilityGlobals) = postSolution
		SolutionGuid = {FD4F5EAE-4E2D-4923-8D7F-0E9157E1B739}
	EndGlobalSection
EndGlobal
